
Microsoft Visual Studio Solution File, Format Version 12.00
# Visual Studio Version 16
VisualStudioVersion = 16.0.31402.337
MinimumVisualStudioVersion = 10.0.40219.1
Project("{9A19103F-16F7-4668-BE54-9A1E7A4F7556}") = "ChiaPlotStatusGUI2", "ChiaPlotStatusGUI2.csproj", "{705BE3B7-9FE6-46F1-8AA6-0985A4158090}"
EndProject
Global
	GlobalSection(SolutionConfigurationPlatforms) = preSolution
		Debug|Any CPU = Debug|Any CPU
		Release|Any CPU = Release|Any CPU
	EndGlobalSection
	GlobalSection(ProjectConfigurationPlatforms) = postSolution
		{705BE3B7-9FE6-46F1-8AA6-0985A4158090}.Debug|Any CPU.ActiveCfg = Debug|Any CPU
		{705BE3B7-9FE6-46F1-8AA6-0985A4158090}.Debug|Any CPU.Build.0 = Debug|Any CPU
		{705BE3B7-9FE6-46F1-8AA6-0985A4158090}.Release|Any CPU.ActiveCfg = Release|Any CPU
		{705BE3B7-9FE6-46F1-8AA6-0985A4158090}.Release|Any CPU.Build.0 = Release|Any CPU
	EndGlobalSection
	GlobalSection(SolutionProperties) = preSolution
		HideSolutionNode = FALSE
	EndGlobalSection
	GlobalSection(ExtensibilityGlobals) = postSolution
		SolutionGuid = {26BA723A-DBFE-4C6D-9B77-73E0C8896924}
	EndGlobalSection
EndGlobal
